
Microsoft Visual Studio Solution File, Format Version 12.00
# Visual Studio Version 17
VisualStudioVersion = 17.1.32210.238
MinimumVisualStudioVersion = 10.0.40219.1
Project("{FAE04EC0-301F-11D3-BF4B-00C04F79EFBC}") = "Homework0719", "Homework0719\Homework0719.csproj", "{0E1C98D0-9290-4BA8-8164-8E1E352C9B51}"
EndProject
Global
	GlobalSection(SolutionConfigurationPlatforms) = preSolution
		Debug|Any CPU = Debug|Any CPU
		Release|Any CPU = Release|Any CPU
	EndGlobalSection
	GlobalSection(ProjectConfigurationPlatforms) = postSolution
		{0E1C98D0-9290-4BA8-8164-8E1E352C9B51}.Debug|Any CPU.ActiveCfg = Debug|Any CPU
		{0E1C98D0-9290-4BA8-8164-8E1E352C9B51}.Debug|Any CPU.Build.0 = Debug|Any CPU
		{0E1C98D0-9290-4BA8-8164-8E1E352C9B51}.Release|Any CPU.ActiveCfg = Release|Any CPU
		{0E1C98D0-9290-4BA8-8164-8E1E352C9B51}.Release|Any CPU.Build.0 = Release|Any CPU
	EndGlobalSection
	GlobalSection(SolutionProperties) = preSolution
		HideSolutionNode = FALSE
	EndGlobalSection
	GlobalSection(ExtensibilityGlobals) = postSolution
		SolutionGuid = {7D48AE6B-0C58-45B1-9B84-B611B477C95D}
	EndGlobalSection
EndGlobal
