
Microsoft Visual Studio Solution File, Format Version 12.00
# Visual Studio Version 17
VisualStudioVersion = 17.1.32210.238
MinimumVisualStudioVersion = 10.0.40219.1
Project("{FAE04EC0-301F-11D3-BF4B-00C04F79EFBC}") = "homework0722", "homework0722\homework0722.csproj", "{CB72F441-C82E-4F3D-B931-A197C168AA07}"
EndProject
Global
	GlobalSection(SolutionConfigurationPlatforms) = preSolution
		Debug|Any CPU = Debug|Any CPU
		Release|Any CPU = Release|Any CPU
	EndGlobalSection
	GlobalSection(ProjectConfigurationPlatforms) = postSolution
		{CB72F441-C82E-4F3D-B931-A197C168AA07}.Debug|Any CPU.ActiveCfg = Debug|Any CPU
		{CB72F441-C82E-4F3D-B931-A197C168AA07}.Debug|Any CPU.Build.0 = Debug|Any CPU
		{CB72F441-C82E-4F3D-B931-A197C168AA07}.Release|Any CPU.ActiveCfg = Release|Any CPU
		{CB72F441-C82E-4F3D-B931-A197C168AA07}.Release|Any CPU.Build.0 = Release|Any CPU
	EndGlobalSection
	GlobalSection(SolutionProperties) = preSolution
		HideSolutionNode = FALSE
	EndGlobalSection
	GlobalSection(ExtensibilityGlobals) = postSolution
		SolutionGuid = {6FFF30E3-85F3-4219-8089-AE2191A90ABC}
	EndGlobalSection
EndGlobal
