
Microsoft Visual Studio Solution File, Format Version 12.00
# Visual Studio Version 17
VisualStudioVersion = 17.1.32210.238
MinimumVisualStudioVersion = 10.0.40219.1
Project("{FAE04EC0-301F-11D3-BF4B-00C04F79EFBC}") = "homework0721", "homework0721\homework0721.csproj", "{9A4A47A4-84C9-4C82-B15D-38295E6D4C4F}"
EndProject
Global
	GlobalSection(SolutionConfigurationPlatforms) = preSolution
		Debug|Any CPU = Debug|Any CPU
		Release|Any CPU = Release|Any CPU
	EndGlobalSection
	GlobalSection(ProjectConfigurationPlatforms) = postSolution
		{9A4A47A4-84C9-4C82-B15D-38295E6D4C4F}.Debug|Any CPU.ActiveCfg = Debug|Any CPU
		{9A4A47A4-84C9-4C82-B15D-38295E6D4C4F}.Debug|Any CPU.Build.0 = Debug|Any CPU
		{9A4A47A4-84C9-4C82-B15D-38295E6D4C4F}.Release|Any CPU.ActiveCfg = Release|Any CPU
		{9A4A47A4-84C9-4C82-B15D-38295E6D4C4F}.Release|Any CPU.Build.0 = Release|Any CPU
	EndGlobalSection
	GlobalSection(SolutionProperties) = preSolution
		HideSolutionNode = FALSE
	EndGlobalSection
	GlobalSection(ExtensibilityGlobals) = postSolution
		SolutionGuid = {2140FFE4-BCC5-4DAF-BFC1-560BA2F6E33E}
	EndGlobalSection
EndGlobal
